
Microsoft Visual Studio Solution File, Format Version 12.00
# Visual Studio 15
VisualStudioVersion = 15.0.28307.329
MinimumVisualStudioVersion = 10.0.40219.1
Project("{FAE04EC0-301F-11D3-BF4B-00C04F79EFBC}") = "task1", "task1\task1.csproj", "{E3FA8B4A-2839-4F8D-8601-F01DD9B6C6A7}"
EndProject
Global
	GlobalSection(SolutionConfigurationPlatforms) = preSolution
		Debug|Any CPU = Debug|Any CPU
		Release|Any CPU = Release|Any CPU
	EndGlobalSection
	GlobalSection(ProjectConfigurationPlatforms) = postSolution
		{E3FA8B4A-2839-4F8D-8601-F01DD9B6C6A7}.Debug|Any CPU.ActiveCfg = Debug|Any CPU
		{E3FA8B4A-2839-4F8D-8601-F01DD9B6C6A7}.Debug|Any CPU.Build.0 = Debug|Any CPU
		{E3FA8B4A-2839-4F8D-8601-F01DD9B6C6A7}.Release|Any CPU.ActiveCfg = Release|Any CPU
		{E3FA8B4A-2839-4F8D-8601-F01DD9B6C6A7}.Release|Any CPU.Build.0 = Release|Any CPU
	EndGlobalSection
	GlobalSection(SolutionProperties) = preSolution
		HideSolutionNode = FALSE
	EndGlobalSection
	GlobalSection(ExtensibilityGlobals) = postSolution
		SolutionGuid = {C6A09C13-5F30-4805-AA60-18A5EFB73B39}
	EndGlobalSection
EndGlobal
